{
  "version": "0.0.0",
  "lockfileVersion": 1,
  "requires": true,
  "dependencies": {
    "@babel/helper-module-imports": {
      "version": "7.14.5",
      "resolved": "https://registry.nlark.com/@babel/helper-module-imports/download/@babel/helper-module-imports-7.14.5.tgz",
      "integrity": "sha1-bRpE32o4yVeqfDEtoHZCnxG0IvM=",
      "dev": true,
      "requires": {
        "@babel/types": "^7.14.5"
      }
    },
    "@babel/helper-validator-identifier": {
      "version": "7.14.5",
      "resolved": "https://registry.nlark.com/@babel/helper-validator-identifier/download/@babel/helper-validator-identifier-7.14.5.tgz",
      "integrity": "sha1-0PDid8US4Mk4J3+qhaOWjJpEwOg="
    },
    "@babel/parser": {
      "version": "7.14.7",
      "resolved": "https://registry.nlark.com/@babel/parser/download/@babel/parser-7.14.7.tgz?cache=0&other_urls=https%3A%2F%2Fregistry.nlark.com%2F%40babel%2Fparser%2Fdownload%2F%40babel%2Fparser-7.14.7.tgz",
      "integrity": "sha1-YJlyDIg5yoZaJjfmyFhS6tC9tZU="
    },
    "@babel/runtime": {
      "version": "7.14.6",
      "resolved": "https://registry.nlark.com/@babel/runtime/download/@babel/runtime-7.14.6.tgz?cache=0&sync_timestamp=1623707907675&other_urls=https%3A%2F%2Fregistry.nlark.com%2F%40babel%2Fruntime%2Fdownload%2F%40babel%2Fruntime-7.14.6.tgz",
      "integrity": "sha1-U1IDvAiS78fexgvcJ7Ls9uQJBi0=",
      "dev": true,
      "requires": {
        "regenerator-runtime": "^0.13.4"
      }
    },
    "@babel/standalone": {
      "version": "7.14.7",
      "resolved": "https://registry.nlark.com/@babel/standalone/download/@babel/standalone-7.14.7.tgz",
      "integrity": "sha1-aGNdoAXWo0oCWVmeByDS5zEz7MM=",
      "dev": true
    },
    "@babel/types": {
      "version": "7.14.5",
      "resolved": "https://registry.nlark.com/@babel/types/download/@babel/types-7.14.5.tgz",
      "integrity": "sha1-O7mXuoKaIQTO2yBonEpbgSHTg/8=",
      "requires": {
        "@babel/helper-validator-identifier": "^7.14.5",
        "to-fast-properties": "^2.0.0"
      }
    },
    "@better-scroll/core": {
      "version": "2.4.1",
      "resolved": "https://registry.nlark.com/@better-scroll/core/download/@better-scroll/core-2.4.1.tgz",
      "integrity": "sha1-H2epz+Zzj4cL5bkLE6r8wYigHjs=",
      "requires": {
        "@better-scroll/shared-utils": "^2.4.1"
      }
    },
    "@better-scroll/indicators": {
      "version": "2.4.1",
      "resolved": "https://registry.nlark.com/@better-scroll/indicators/download/@better-scroll/indicators-2.4.1.tgz",
      "integrity": "sha1-kLMovigRjM0jLwh1wOBHXTE8Lqo=",
      "requires": {
        "@better-scroll/core": "^2.4.1"
      }
    },
    "@better-scroll/infinity": {
      "version": "2.4.1",
      "resolved": "https://registry.nlark.com/@better-scroll/infinity/download/@better-scroll/infinity-2.4.1.tgz",
      "integrity": "sha1-JrwftyZY8QR3KU4rcpCB/B+2iUo=",
      "requires": {
        "@better-scroll/core": "^2.4.1"
      }
    },
    "@better-scroll/mouse-wheel": {
      "version": "2.4.1",
      "resolved": "https://registry.nlark.com/@better-scroll/mouse-wheel/download/@better-scroll/mouse-wheel-2.4.1.tgz",
      "integrity": "sha1-PHfhuH0vqvfjp9ajxwcq2Lys8XM=",
      "requires": {
        "@better-scroll/core": "^2.4.1"
      }
    },
    "@better-scroll/movable": {
      "version": "2.4.1",
      "resolved": "https://registry.nlark.com/@better-scroll/movable/download/@better-scroll/movable-2.4.1.tgz",
      "integrity": "sha1-y+L9KFKHOVFGlZH4TJRbECw56iU=",
      "requires": {
        "@better-scroll/core": "^2.4.1"
      }
    },
    "@better-scroll/nested-scroll": {
      "version": "2.4.1",
      "resolved": "https://registry.nlark.com/@better-scroll/nested-scroll/download/@better-scroll/nested-scroll-2.4.1.tgz",
      "integrity": "sha1-SAv0vpC+473ti9nDqLUAGRxO3pQ=",
      "requires": {
        "@better-scroll/core": "^2.4.1"
      }
    },
    "@better-scroll/observe-dom": {
      "version": "2.4.1",
      "resolved": "https://registry.nlark.com/@better-scroll/observe-dom/download/@better-scroll/observe-dom-2.4.1.tgz",
      "integrity": "sha1-2RjB/C3k4/oyswKmPEXJQzz0GiQ=",
      "requires": {
        "@better-scroll/core": "^2.4.1"
      }
    },
    "@better-scroll/observe-image": {
      "version": "2.4.1",
      "resolved": "https://registry.nlark.com/@better-scroll/observe-image/download/@better-scroll/observe-image-2.4.1.tgz",
      "integrity": "sha1-2mAOyByID9o9OJZ4MTRIaSv54BE=",
      "requires": {
        "@better-scroll/core": "^2.4.1"
      }
    },
    "@better-scroll/pull-down": {
      "version": "2.4.1",
      "resolved": "https://registry.nlark.com/@better-scroll/pull-down/download/@better-scroll/pull-down-2.4.1.tgz",
      "integrity": "sha1-R5iUJcoHkIoud/tQJAJqIRf/2Hw=",
      "requires": {
        "@better-scroll/core": "^2.4.1"
      }
    },
    "@better-scroll/pull-up": {
      "version": "2.4.1",
      "resolved": "https://registry.nlark.com/@better-scroll/pull-up/download/@better-scroll/pull-up-2.4.1.tgz",
      "integrity": "sha1-fumcKVgtBpJVA2sFHSXkuB3Ig0g=",
      "requires": {
        "@better-scroll/core": "^2.4.1"
      }
    },
    "@better-scroll/scroll-bar": {
      "version": "2.4.1",
      "resolved": "https://registry.nlark.com/@better-scroll/scroll-bar/download/@better-scroll/scroll-bar-2.4.1.tgz",
      "integrity": "sha1-iSUe1dAUIT5U7PfmkjmJWeTFfa4=",
      "requires": {
        "@better-scroll/core": "^2.4.1"
      }
    },
    "@better-scroll/shared-utils": {
      "version": "2.4.1",
      "resolved": "https://registry.nlark.com/@better-scroll/shared-utils/download/@better-scroll/shared-utils-2.4.1.tgz",
      "integrity": "sha1-teTnUaAjGA8RI9LDdzx1qGP3H3c="
    },
    "@better-scroll/slide": {
      "version": "2.4.1",
      "resolved": "https://registry.nlark.com/@better-scroll/slide/download/@better-scroll/slide-2.4.1.tgz",
      "integrity": "sha1-kIalyfIOdsJ12UBYfEIlR6u1s+k=",
      "requires": {
        "@better-scroll/core": "^2.4.1"
      }
    },
    "@better-scroll/wheel": {
      "version": "2.4.1",
      "resolved": "https://registry.nlark.com/@better-scroll/wheel/download/@better-scroll/wheel-2.4.1.tgz",
      "integrity": "sha1-h3UkVi4Xhj9fsrSb2AwUTSldvM0=",
      "requires": {
        "@better-scroll/core": "^2.4.1"
      }
    },
    "@better-scroll/zoom": {
      "version": "2.4.1",
      "resolved": "https://registry.nlark.com/@better-scroll/zoom/download/@better-scroll/zoom-2.4.1.tgz",
      "integrity": "sha1-ajBAM8cANc1jy/NIj+PzBXai3aM=",
      "requires": {
        "@better-scroll/core": "^2.4.1"
      }
    },
    "@popperjs/core": {
      "version": "2.9.2",
      "resolved": "https://registry.npm.taobao.org/@popperjs/core/download/@popperjs/core-2.9.2.tgz?cache=0&other_urls=https%3A%2F%2Fregistry.npm.taobao.org%2F%40popperjs%2Fcore%2Fdownload%2F%40popperjs%2Fcore-2.9.2.tgz",
      "integrity": "sha1-rep7aVPLs0ZRdmsFSEaOdDxqI1M="
    },
    "@types/estree": {
      "version": "0.0.48",
      "resolved": "https://registry.nlark.com/@types/estree/download/@types/estree-0.0.48.tgz?cache=0&sync_timestamp=1625189592302&other_urls=https%3A%2F%2Fregistry.nlark.com%2F%40types%2Festree%2Fdownload%2F%40types%2Festree-0.0.48.tgz",
      "integrity": "sha1-GNyAkbKF35DbLyWqfZBs/DlLf3Q=",
      "dev": true
    },
    "@vant/area-data": {
      "version": "1.1.1",
      "resolved": "https://registry.nlark.com/@vant/area-data/download/@vant/area-data-1.1.1.tgz?cache=0&sync_timestamp=1618900868936&other_urls=https%3A%2F%2Fregistry.nlark.com%2F%40vant%2Farea-data%2Fdownload%2F%40vant%2Farea-data-1.1.1.tgz",
      "integrity": "sha1-uaz4qATA1g9yG2kAaAKZQisAaxo=",
      "dev": true
    },
    "@vant/icons": {
      "version": "1.6.0",
      "resolved": "https://registry.nlark.com/@vant/icons/download/@vant/icons-1.6.0.tgz?cache=0&sync_timestamp=1621321922501&other_urls=https%3A%2F%2Fregistry.nlark.com%2F%40vant%2Ficons%2Fdownload%2F%40vant%2Ficons-1.6.0.tgz",
      "integrity": "sha1-Pbfrf5Y/UaKghnZyDVr5xMNRL+s="
    },
    "@vant/lazyload": {
      "version": "1.2.0",
      "resolved": "https://registry.nlark.com/@vant/lazyload/download/@vant/lazyload-1.2.0.tgz",
      "integrity": "sha1-Yul3m9eEStj3HCyiv4UuYUfHqG0="
    },
    "@vant/popperjs": {
      "version": "1.1.0",
      "resolved": "https://registry.npm.taobao.org/@vant/popperjs/download/@vant/popperjs-1.1.0.tgz?cache=0&sync_timestamp=1617714772966&other_urls=https%3A%2F%2Fregistry.npm.taobao.org%2F%40vant%2Fpopperjs%2Fdownload%2F%40vant%2Fpopperjs-1.1.0.tgz",
      "integrity": "sha1-tO3uW7+m+xhwWYbjE9T9XxeUKg8=",
      "requires": {
        "@popperjs/core": "^2.9.2"
      }
    },
    "@vant/use": {
      "version": "1.1.2",
      "resolved": "https://registry.nlark.com/@vant/use/download/@vant/use-1.1.2.tgz",
      "integrity": "sha1-01Jl4F34ikewQZajCO+16J5EyhA="
    },
    "@vitejs/plugin-legacy": {
      "version": "1.4.3",
      "resolved": "https://registry.nlark.com/@vitejs/plugin-legacy/download/@vitejs/plugin-legacy-1.4.3.tgz",
      "integrity": "sha1-0CInXQjm8fd3iR+0BYFqndQanx8=",
      "dev": true,
      "requires": {
        "@babel/standalone": "^7.14.7",
        "core-js": "^3.15.1",
        "magic-string": "^0.25.7",
        "regenerator-runtime": "^0.13.7",
        "systemjs": "^6.10.1"
      }
    },
    "@vitejs/plugin-vue": {
      "version": "1.2.4",
      "resolved": "https://registry.nlark.com/@vitejs/plugin-vue/download/@vitejs/plugin-vue-1.2.4.tgz",
      "integrity": "sha1-p6puajHFVqi3gd5zAxbe7s9/VvI=",
      "dev": true
    },
    "@vue/compiler-core": {
      "version": "3.1.3",
      "resolved": "https://registry.nlark.com/@vue/compiler-core/download/@vue/compiler-core-3.1.3.tgz",
      "integrity": "sha1-zZWHqh/aUzsb33UmieKB78z7cGI=",
      "requires": {
        "@babel/parser": "^7.12.0",
        "@babel/types": "^7.12.0",
        "@vue/shared": "3.1.3",
        "estree-walker": "^2.0.1",
        "source-map": "^0.6.1"
      }
    },
    "@vue/compiler-dom": {
      "version": "3.1.3",
      "resolved": "https://registry.nlark.com/@vue/compiler-dom/download/@vue/compiler-dom-3.1.3.tgz",
      "integrity": "sha1-reT/fbSwoZfFQ91ntb1GfXN6w0Q=",
      "requires": {
        "@vue/compiler-core": "3.1.3",
        "@vue/shared": "3.1.3"
      }
    },
    "@vue/compiler-sfc": {
      "version": "3.1.3",
      "resolved": "https://registry.nlark.com/@vue/compiler-sfc/download/@vue/compiler-sfc-3.1.3.tgz",
      "integrity": "sha1-+KujDlJUore+lRYVljDI91tBIhY=",
      "dev": true,
      "requires": {
        "@babel/parser": "^7.13.9",
        "@babel/types": "^7.13.0",
        "@types/estree": "^0.0.48",
        "@vue/compiler-core": "3.1.3",
        "@vue/compiler-dom": "3.1.3",
        "@vue/compiler-ssr": "3.1.3",
        "@vue/shared": "3.1.3",
        "consolidate": "^0.16.0",
        "estree-walker": "^2.0.1",
        "hash-sum": "^2.0.0",
        "lru-cache": "^5.1.1",
        "magic-string": "^0.25.7",
        "merge-source-map": "^1.1.0",
        "postcss": "^8.1.10",
        "postcss-modules": "^4.0.0",
        "postcss-selector-parser": "^6.0.4",
        "source-map": "^0.6.1"
      }
    },
    "@vue/compiler-ssr": {
      "version": "3.1.3",
      "resolved": "https://registry.nlark.com/@vue/compiler-ssr/download/@vue/compiler-ssr-3.1.3.tgz",
      "integrity": "sha1-50OUsDH2lWcQ8YgeIfqf4fpaAw4=",
      "dev": true,
      "requires": {
        "@vue/compiler-dom": "3.1.3",
        "@vue/shared": "3.1.3"
      }
    },
    "@vue/devtools-api": {
      "version": "6.0.0-beta.15",
      "resolved": "https://registry.nlark.com/@vue/devtools-api/download/@vue/devtools-api-6.0.0-beta.15.tgz?cache=0&sync_timestamp=1624900801887&other_urls=https%3A%2F%2Fregistry.nlark.com%2F%40vue%2Fdevtools-api%2Fdownload%2F%40vue%2Fdevtools-api-6.0.0-beta.15.tgz",
      "integrity": "sha1-rXyzhOBi8WW8+cg3MhJb/7wq2D0="
    },
    "@vue/reactivity": {
      "version": "3.1.3",
      "resolved": "https://registry.nlark.com/@vue/reactivity/download/@vue/reactivity-3.1.3.tgz",
      "integrity": "sha1-CqTfusM/H6KWuUNgQuXL09hO60Y=",
      "requires": {
        "@vue/shared": "3.1.3"
      }
    },
    "@vue/runtime-core": {
      "version": "3.1.3",
      "resolved": "https://registry.nlark.com/@vue/runtime-core/download/@vue/runtime-core-3.1.3.tgz",
      "integrity": "sha1-hST26WWro6lK4w3tcV8T7GvlnEY=",
      "requires": {
        "@vue/reactivity": "3.1.3",
        "@vue/shared": "3.1.3"
      }
    },
    "@vue/runtime-dom": {
      "version": "3.1.3",
      "resolved": "https://registry.nlark.com/@vue/runtime-dom/download/@vue/runtime-dom-3.1.3.tgz",
      "integrity": "sha1-yxwhhWSJLbBwXOlXaznlD4ILJ7g=",
      "requires": {
        "@vue/runtime-core": "3.1.3",
        "@vue/shared": "3.1.3",
        "csstype": "^2.6.8"
      }
    },
    "@vue/shared": {
      "version": "3.1.3",
      "resolved": "https://registry.nlark.com/@vue/shared/download/@vue/shared-3.1.3.tgz",
      "integrity": "sha1-P29ecibY0tll7zl4CuP4nckGtfw="
    },
    "anymatch": {
      "version": "3.1.2",
      "resolved": "https://registry.npm.taobao.org/anymatch/download/anymatch-3.1.2.tgz",
      "integrity": "sha1-wFV8CWrzLxBhmPT04qODU343hxY=",
      "dev": true,
      "requires": {
        "normalize-path": "^3.0.0",
        "picomatch": "^2.0.4"
      }
    },
    "axios": {
      "version": "0.21.1",
      "resolved": "https://registry.npm.taobao.org/axios/download/axios-0.21.1.tgz?cache=0&sync_timestamp=1608609419814&other_urls=https%3A%2F%2Fregistry.npm.taobao.org%2Faxios%2Fdownload%2Faxios-0.21.1.tgz",
      "integrity": "sha1-IlY0gZYvTWvemnbVFu8OXTwJsrg=",
      "requires": {
        "follow-redirects": "^1.10.0"
      }
    },
    "babel-plugin-import": {
      "version": "1.13.3",
      "resolved": "https://registry.npm.taobao.org/babel-plugin-import/download/babel-plugin-import-1.13.3.tgz",
      "integrity": "sha1-nbu6fRrHK9QSkXqDDUReAJQdJtc=",
      "dev": true,
      "requires": {
        "@babel/helper-module-imports": "^7.0.0",
        "@babel/runtime": "^7.0.0"
      }
    },
    "better-scroll": {
      "version": "2.4.1",
      "resolved": "https://registry.nlark.com/better-scroll/download/better-scroll-2.4.1.tgz",
      "integrity": "sha1-KebFXMUFluKx+uCqRQmSu6DHcz0=",
      "requires": {
        "@better-scroll/core": "^2.4.1",
        "@better-scroll/indicators": "^2.4.1",
        "@better-scroll/infinity": "^2.4.1",
        "@better-scroll/mouse-wheel": "^2.4.1",
        "@better-scroll/movable": "^2.4.1",
        "@better-scroll/nested-scroll": "^2.4.1",
        "@better-scroll/observe-dom": "^2.4.1",
        "@better-scroll/observe-image": "^2.4.1",
        "@better-scroll/pull-down": "^2.4.1",
        "@better-scroll/pull-up": "^2.4.1",
        "@better-scroll/scroll-bar": "^2.4.1",
        "@better-scroll/slide": "^2.4.1",
        "@better-scroll/wheel": "^2.4.1",
        "@better-scroll/zoom": "^2.4.1"
      }
    },
    "big.js": {
      "version": "5.2.2",
      "resolved": "https://registry.nlark.com/big.js/download/big.js-5.2.2.tgz",
      "integrity": "sha1-ZfCvOC9Xi83HQr2cKB6cstd2gyg=",
      "dev": true
    },
    "binary-extensions": {
      "version": "2.2.0",
      "resolved": "https://registry.npm.taobao.org/binary-extensions/download/binary-extensions-2.2.0.tgz",
      "integrity": "sha1-dfUC7q+f/eQvyYgpZFvk6na9ni0=",
      "dev": true
    },
    "bluebird": {
      "version": "3.7.2",
      "resolved": "https://registry.npm.taobao.org/bluebird/download/bluebird-3.7.2.tgz",
      "integrity": "sha1-nyKcFb4nJFT/qXOs4NvueaGww28=",
      "dev": true
    },
    "braces": {
      "version": "3.0.2",
      "resolved": "https://registry.npm.taobao.org/braces/download/braces-3.0.2.tgz",
      "integrity": "sha1-NFThpGLujVmeI23zNs2epPiv4Qc=",
      "dev": true,
      "requires": {
        "fill-range": "^7.0.1"
      }
    },
    "chokidar": {
      "version": "3.5.2",
      "resolved": "https://registry.nlark.com/chokidar/download/chokidar-3.5.2.tgz",
      "integrity": "sha1-26OXb8rbAW9m/TZQIdkWANAcHnU=",
      "dev": true,
      "requires": {
        "anymatch": "~3.1.2",
        "braces": "~3.0.2",
        "fsevents": "~2.3.2",
        "glob-parent": "~5.1.2",
        "is-binary-path": "~2.1.0",
        "is-glob": "~4.0.1",
        "normalize-path": "~3.0.0",
        "readdirp": "~3.6.0"
      }
    },
    "colorette": {
      "version": "1.2.2",
      "resolved": "https://registry.npm.taobao.org/colorette/download/colorette-1.2.2.tgz?cache=0&sync_timestamp=1614259647923&other_urls=https%3A%2F%2Fregistry.npm.taobao.org%2Fcolorette%2Fdownload%2Fcolorette-1.2.2.tgz",
      "integrity": "sha1-y8x51emcrqLb8Q6zom/Ys+as+pQ=",
      "dev": true
    },
    "consolidate": {
      "version": "0.16.0",
      "resolved": "https://registry.npm.taobao.org/consolidate/download/consolidate-0.16.0.tgz?cache=0&sync_timestamp=1599596654038&other_urls=https%3A%2F%2Fregistry.npm.taobao.org%2Fconsolidate%2Fdownload%2Fconsolidate-0.16.0.tgz",
      "integrity": "sha1-oRhkdokw8vGUMWYKZZBmaPX73BY=",
      "dev": true,
      "requires": {
        "bluebird": "^3.7.2"
      }
    },
    "core-js": {
      "version": "3.15.2",
      "resolved": "https://registry.nlark.com/core-js/download/core-js-3.15.2.tgz?cache=0&sync_timestamp=1624966012065&other_urls=https%3A%2F%2Fregistry.nlark.com%2Fcore-js%2Fdownload%2Fcore-js-3.15.2.tgz",
      "integrity": "sha1-dAZg0v9V7zTOZk1+JFURnFvdPWE=",
      "dev": true
    },
    "cssesc": {
      "version": "3.0.0",
      "resolved": "https://registry.npm.taobao.org/cssesc/download/cssesc-3.0.0.tgz",
      "integrity": "sha1-N3QZGZA7hoVl4cCep0dEXNGJg+4=",
      "dev": true
    },
    "csstype": {
      "version": "2.6.17",
      "resolved": "https://registry.nlark.com/csstype/download/csstype-2.6.17.tgz?cache=0&sync_timestamp=1618818427821&other_urls=https%3A%2F%2Fregistry.nlark.com%2Fcsstype%2Fdownload%2Fcsstype-2.6.17.tgz",
      "integrity": "sha1-TPMOuH4dGgBdi2UQ+VKSQT9qHA4="
    },
    "emojis-list": {
      "version": "3.0.0",
      "resolved": "https://registry.npm.taobao.org/emojis-list/download/emojis-list-3.0.0.tgz",
      "integrity": "sha1-VXBmIEatKeLpFucariYKvf9Pang=",
      "dev": true
    },
    "esbuild": {
      "version": "0.12.14",
      "resolved": "https://registry.nlark.com/esbuild/download/esbuild-0.12.14.tgz",
      "integrity": "sha1-QxV9vQs22TkkfU60kJpIhqxA+C4=",
      "dev": true
    },
    "estree-walker": {
      "version": "2.0.2",
      "resolved": "https://registry.npm.taobao.org/estree-walker/download/estree-walker-2.0.2.tgz",
      "integrity": "sha1-UvAQF4wqTBF6d1fP6UKtt9LaTKw="
    },
    "fill-range": {
      "version": "7.0.1",
      "resolved": "https://registry.npm.taobao.org/fill-range/download/fill-range-7.0.1.tgz",
      "integrity": "sha1-GRmmp8df44ssfHflGYU12prN2kA=",
      "dev": true,
      "requires": {
        "to-regex-range": "^5.0.1"
      }
    },
    "follow-redirects": {
      "version": "1.14.1",
      "resolved": "https://registry.nlark.com/follow-redirects/download/follow-redirects-1.14.1.tgz",
      "integrity": "sha1-2RFN7Qoc/dM04WTmZirQK/2R/0M="
    },
    "fsevents": {
      "version": "2.3.2",
      "resolved": "https://registry.npm.taobao.org/fsevents/download/fsevents-2.3.2.tgz?cache=0&sync_timestamp=1612536546156&other_urls=https%3A%2F%2Fregistry.npm.taobao.org%2Ffsevents%2Fdownload%2Ffsevents-2.3.2.tgz",
      "integrity": "sha1-ilJveLj99GI7cJ4Ll1xSwkwC/Ro=",
      "dev": true,
      "optional": true
    },
    "function-bind": {
      "version": "1.1.1",
      "resolved": "https://registry.npm.taobao.org/function-bind/download/function-bind-1.1.1.tgz",
      "integrity": "sha1-pWiZ0+o8m6uHS7l3O3xe3pL0iV0=",
      "dev": true
    },
    "generic-names": {
      "version": "2.0.1",
      "resolved": "https://registry.npm.taobao.org/generic-names/download/generic-names-2.0.1.tgz",
      "integrity": "sha1-+KN46tLMqno08DF7BVVIMq5BuHI=",
      "dev": true,
      "requires": {
        "loader-utils": "^1.1.0"
      }
    },
    "glob-parent": {
      "version": "5.1.2",
      "resolved": "https://registry.nlark.com/glob-parent/download/glob-parent-5.1.2.tgz",
      "integrity": "sha1-hpgyxYA0/mikCTwX3BXoNA2EAcQ=",
      "dev": true,
      "requires": {
        "is-glob": "^4.0.1"
      }
    },
    "has": {
      "version": "1.0.3",
      "resolved": "https://registry.npm.taobao.org/has/download/has-1.0.3.tgz",
      "integrity": "sha1-ci18v8H2qoJB8W3YFOAR4fQeh5Y=",
      "dev": true,
      "requires": {
        "function-bind": "^1.1.1"
      }
    },
    "hash-sum": {
      "version": "2.0.0",
      "resolved": "https://registry.npm.taobao.org/hash-sum/download/hash-sum-2.0.0.tgz",
      "integrity": "sha1-gdAbtd6OpKIUrV1urRtSNGCwtFo=",
      "dev": true
    },
    "icss-replace-symbols": {
      "version": "1.1.0",
      "resolved": "https://registry.npm.taobao.org/icss-replace-symbols/download/icss-replace-symbols-1.1.0.tgz",
      "integrity": "sha1-Bupvg2ead0njhs/h/oEq5dsiPe0=",
      "dev": true
    },
    "icss-utils": {
      "version": "5.1.0",
      "resolved": "https://registry.npm.taobao.org/icss-utils/download/icss-utils-5.1.0.tgz?cache=0&sync_timestamp=1605801644876&other_urls=https%3A%2F%2Fregistry.npm.taobao.org%2Ficss-utils%2Fdownload%2Ficss-utils-5.1.0.tgz",
      "integrity": "sha1-xr5oWKvQE9do6YNmrkfiXViHsa4=",
      "dev": true
    },
    "is-binary-path": {
      "version": "2.1.0",
      "resolved": "https://registry.npm.taobao.org/is-binary-path/download/is-binary-path-2.1.0.tgz",
      "integrity": "sha1-6h9/O4DwZCNug0cPhsCcJU+0Wwk=",
      "dev": true,
      "requires": {
        "binary-extensions": "^2.0.0"
      }
    },
    "is-core-module": {
      "version": "2.4.0",
      "resolved": "https://registry.nlark.com/is-core-module/download/is-core-module-2.4.0.tgz",
      "integrity": "sha1-jp/I4VAnsBFBgCbpjw5vTYYwXME=",
      "dev": true,
      "requires": {
        "has": "^1.0.3"
      }
    },
    "is-extglob": {
      "version": "2.1.1",
      "resolved": "https://registry.npm.taobao.org/is-extglob/download/is-extglob-2.1.1.tgz",
      "integrity": "sha1-qIwCU1eR8C7TfHahueqXc8gz+MI=",
      "dev": true
    },
    "is-glob": {
      "version": "4.0.1",
      "resolved": "https://registry.npm.taobao.org/is-glob/download/is-glob-4.0.1.tgz",
      "integrity": "sha1-dWfb6fL14kZ7x3q4PEopSCQHpdw=",
      "dev": true,
      "requires": {
        "is-extglob": "^2.1.1"
      }
    },
    "is-number": {
      "version": "7.0.0",
      "resolved": "https://registry.npm.taobao.org/is-number/download/is-number-7.0.0.tgz",
      "integrity": "sha1-dTU0W4lnNNX4DE0GxQlVUnoU8Ss=",
      "dev": true
    },
    "json5": {
      "version": "1.0.1",
      "resolved": "https://registry.npm.taobao.org/json5/download/json5-1.0.1.tgz",
      "integrity": "sha1-d5+wAYYE+oVOrL9iUhgNg1Q+Pb4=",
      "dev": true,
      "requires": {
        "minimist": "^1.2.0"
      }
    },
    "klona": {
      "version": "2.0.4",
      "resolved": "https://registry.npm.taobao.org/klona/download/klona-2.0.4.tgz",
      "integrity": "sha1-e7Hjr/sMuGJFR+9+j2cI6i4538A=",
      "dev": true
    },
    "loader-utils": {
      "version": "1.4.0",
      "resolved": "https://registry.npm.taobao.org/loader-utils/download/loader-utils-1.4.0.tgz",
      "integrity": "sha1-xXm140yzSxp07cbB+za/o3HVphM=",
      "dev": true,
      "requires": {
        "big.js": "^5.2.2",
        "emojis-list": "^3.0.0",
        "json5": "^1.0.1"
      }
    },
    "lodash.camelcase": {
      "version": "4.3.0",
      "resolved": "https://registry.npm.taobao.org/lodash.camelcase/download/lodash.camelcase-4.3.0.tgz",
      "integrity": "sha1-soqmKIorn8ZRA1x3EfZathkDMaY=",
      "dev": true
    },
    "lru-cache": {
      "version": "5.1.1",
      "resolved": "https://registry.npm.taobao.org/lru-cache/download/lru-cache-5.1.1.tgz?cache=0&sync_timestamp=1594427569171&other_urls=https%3A%2F%2Fregistry.npm.taobao.org%2Flru-cache%2Fdownload%2Flru-cache-5.1.1.tgz",
      "integrity": "sha1-HaJ+ZxAnGUdpXa9oSOhH8B2EuSA=",
      "dev": true,
      "requires": {
        "yallist": "^3.0.2"
      }
    },
    "magic-string": {
      "version": "0.25.7",
      "resolved": "https://registry.npm.taobao.org/magic-string/download/magic-string-0.25.7.tgz",
      "integrity": "sha1-P0l9b9NMZpxnmNy4IfLvMfVEUFE=",
      "dev": true,
      "requires": {
        "sourcemap-codec": "^1.4.4"
      }
    },
    "merge-source-map": {
      "version": "1.1.0",
      "resolved": "https://registry.npm.taobao.org/merge-source-map/download/merge-source-map-1.1.0.tgz",
      "integrity": "sha1-L93n5gIJOfcJBqaPLXrmheTIxkY=",
      "dev": true,
      "requires": {
        "source-map": "^0.6.1"
      }
    },
    "minimist": {
      "version": "1.2.5",
      "resolved": "https://registry.npm.taobao.org/minimist/download/minimist-1.2.5.tgz",
      "integrity": "sha1-Z9ZgFLZqaoqqDAg8X9WN9OTpdgI=",
      "dev": true
    },
    "nanoid": {
      "version": "3.1.23",
      "resolved": "https://registry.nlark.com/nanoid/download/nanoid-3.1.23.tgz",
      "integrity": "sha1-90QIbOfCvEfuCoRyV01ceOQYOoE=",
      "dev": true
    },
    "neo-async": {
      "version": "2.6.2",
      "resolved": "https://registry.npm.taobao.org/neo-async/download/neo-async-2.6.2.tgz?cache=0&sync_timestamp=1594317437265&other_urls=https%3A%2F%2Fregistry.npm.taobao.org%2Fneo-async%2Fdownload%2Fneo-async-2.6.2.tgz",
      "integrity": "sha1-tKr7k+OustgXTKU88WOrfXMIMF8=",
      "dev": true
    },
    "normalize-path": {
      "version": "3.0.0",
      "resolved": "https://registry.npm.taobao.org/normalize-path/download/normalize-path-3.0.0.tgz",
      "integrity": "sha1-Dc1p/yOhybEf0JeDFmRKA4ghamU=",
      "dev": true
    },
    "path-parse": {
      "version": "1.0.7",
      "resolved": "https://registry.nlark.com/path-parse/download/path-parse-1.0.7.tgz",
      "integrity": "sha1-+8EUtgykKzDZ2vWFjkvWi77bZzU=",
      "dev": true
    },
    "picomatch": {
      "version": "2.3.0",
      "resolved": "https://registry.nlark.com/picomatch/download/picomatch-2.3.0.tgz",
      "integrity": "sha1-8fBh3o9qS/AiiS4tEoI0+5gwKXI=",
      "dev": true
    },
    "postcss": {
      "version": "8.3.5",
      "resolved": "https://registry.nlark.com/postcss/download/postcss-8.3.5.tgz",
      "integrity": "sha1-mCIWsRNBK8IKhiiekeuZSVKltwk=",
      "dev": true,
      "requires": {
        "colorette": "^1.2.2",
        "nanoid": "^3.1.23",
        "source-map-js": "^0.6.2"
      }
    },
    "postcss-modules": {
      "version": "4.1.3",
      "resolved": "https://registry.nlark.com/postcss-modules/download/postcss-modules-4.1.3.tgz",
      "integrity": "sha1-xMTEHZjZfSTHDojaz8l69aSz4h0=",
      "dev": true,
      "requires": {
        "generic-names": "^2.0.1",
        "icss-replace-symbols": "^1.1.0",
        "lodash.camelcase": "^4.3.0",
        "postcss-modules-extract-imports": "^3.0.0",
        "postcss-modules-local-by-default": "^4.0.0",
        "postcss-modules-scope": "^3.0.0",
        "postcss-modules-values": "^4.0.0",
        "string-hash": "^1.1.1"
      }
    },
    "postcss-modules-extract-imports": {
      "version": "3.0.0",
      "resolved": "https://registry.npm.taobao.org/postcss-modules-extract-imports/download/postcss-modules-extract-imports-3.0.0.tgz?cache=0&sync_timestamp=1602588417522&other_urls=https%3A%2F%2Fregistry.npm.taobao.org%2Fpostcss-modules-extract-imports%2Fdownload%2Fpostcss-modules-extract-imports-3.0.0.tgz",
      "integrity": "sha1-zaHwR8CugMl9vijD52pDuIAldB0=",
      "dev": true
    },
    "postcss-modules-local-by-default": {
      "version": "4.0.0",
      "resolved": "https://registry.npm.taobao.org/postcss-modules-local-by-default/download/postcss-modules-local-by-default-4.0.0.tgz",
      "integrity": "sha1-67tU+uFZjuz99pGgKz/zs5ClpRw=",
      "dev": true,
      "requires": {
        "icss-utils": "^5.0.0",
        "postcss-selector-parser": "^6.0.2",
        "postcss-value-parser": "^4.1.0"
      }
    },
    "postcss-modules-scope": {
      "version": "3.0.0",
      "resolved": "https://registry.npm.taobao.org/postcss-modules-scope/download/postcss-modules-scope-3.0.0.tgz?cache=0&sync_timestamp=1602593137586&other_urls=https%3A%2F%2Fregistry.npm.taobao.org%2Fpostcss-modules-scope%2Fdownload%2Fpostcss-modules-scope-3.0.0.tgz",
      "integrity": "sha1-nvMVFFbTu/oSDKRImN/Kby+gHwY=",
      "dev": true,
      "requires": {
        "postcss-selector-parser": "^6.0.4"
      }
    },
    "postcss-modules-values": {
      "version": "4.0.0",
      "resolved": "https://registry.npm.taobao.org/postcss-modules-values/download/postcss-modules-values-4.0.0.tgz",
      "integrity": "sha1-18Xn5ow7s8myfL9Iyguz/7RgLJw=",
      "dev": true,
      "requires": {
        "icss-utils": "^5.0.0"
      }
    },
    "postcss-selector-parser": {
      "version": "6.0.6",
      "resolved": "https://registry.nlark.com/postcss-selector-parser/download/postcss-selector-parser-6.0.6.tgz",
      "integrity": "sha1-LFu6gXSsL2mBq2MaQqsO5UrzMuo=",
      "dev": true,
      "requires": {
        "cssesc": "^3.0.0",
        "util-deprecate": "^1.0.2"
      }
    },
    "postcss-value-parser": {
      "version": "4.1.0",
      "resolved": "https://registry.npm.taobao.org/postcss-value-parser/download/postcss-value-parser-4.1.0.tgz",
      "integrity": "sha1-RD9qIM7WSBor2k+oUypuVdeJoss=",
      "dev": true
    },
    "readdirp": {
      "version": "3.6.0",
      "resolved": "https://registry.npm.taobao.org/readdirp/download/readdirp-3.6.0.tgz?cache=0&sync_timestamp=1615717677435&other_urls=https%3A%2F%2Fregistry.npm.taobao.org%2Freaddirp%2Fdownload%2Freaddirp-3.6.0.tgz",
      "integrity": "sha1-dKNwvYVxFuJFspzJc0DNQxoCpsc=",
      "dev": true,
      "requires": {
        "picomatch": "^2.2.1"
      }
    },
    "regenerator-runtime": {
      "version": "0.13.7",
      "resolved": "https://registry.npm.taobao.org/regenerator-runtime/download/regenerator-runtime-0.13.7.tgz",
      "integrity": "sha1-ysLazIoepnX+qrrriugziYrkb1U=",
      "dev": true
    },
    "resolve": {
      "version": "1.20.0",
      "resolved": "https://registry.npm.taobao.org/resolve/download/resolve-1.20.0.tgz",
      "integrity": "sha1-YpoBP7P3B1XW8LeTXMHCxTeLGXU=",
      "dev": true,
      "requires": {
        "is-core-module": "^2.2.0",
        "path-parse": "^1.0.6"
      }
    },
    "rollup": {
      "version": "2.52.7",
      "resolved": "https://registry.nlark.com/rollup/download/rollup-2.52.7.tgz?cache=0&sync_timestamp=1625198649319&other_urls=https%3A%2F%2Fregistry.nlark.com%2Frollup%2Fdownload%2Frollup-2.52.7.tgz",
      "integrity": "sha1-4VqL9zT25MIEt83zNSEVExAlDLI=",
      "dev": true,
      "requires": {
        "fsevents": "~2.3.2"
      }
    },
    "sass": {
      "version": "1.35.1",
      "resolved": "https://registry.nlark.com/sass/download/sass-1.35.1.tgz",
      "integrity": "sha1-kOz3dN/mjwe2GTB347QvsVS54c0=",
      "dev": true,
      "requires": {
        "chokidar": ">=3.0.0 <4.0.0"
      }
    },
    "sass-loader": {
      "version": "12.1.0",
      "resolved": "https://registry.nlark.com/sass-loader/download/sass-loader-12.1.0.tgz?cache=0&sync_timestamp=1623350873447&other_urls=https%3A%2F%2Fregistry.nlark.com%2Fsass-loader%2Fdownload%2Fsass-loader-12.1.0.tgz",
      "integrity": "sha1-tzMkYiIxAJ2m+6Yat2ATJWOA0gE=",
      "dev": true,
      "requires": {
        "klona": "^2.0.4",
        "neo-async": "^2.6.2"
      }
    },
    "source-map": {
      "version": "0.6.1",
      "resolved": "https://registry.npm.taobao.org/source-map/download/source-map-0.6.1.tgz?cache=0&sync_timestamp=1604409581245&other_urls=https%3A%2F%2Fregistry.npm.taobao.org%2Fsource-map%2Fdownload%2Fsource-map-0.6.1.tgz",
      "integrity": "sha1-dHIq8y6WFOnCh6jQu95IteLxomM="
    },
    "source-map-js": {
      "version": "0.6.2",
      "resolved": "https://registry.nlark.com/source-map-js/download/source-map-js-0.6.2.tgz",
      "integrity": "sha1-C7XeYxtBz72mz7qL0FqA79/SOF4=",
      "dev": true
    },
    "sourcemap-codec": {
      "version": "1.4.8",
      "resolved": "https://registry.npm.taobao.org/sourcemap-codec/download/sourcemap-codec-1.4.8.tgz",
      "integrity": "sha1-6oBL2UhXQC5pktBaOO8a41qatMQ=",
      "dev": true
    },
    "string-hash": {
      "version": "1.1.3",
      "resolved": "https://registry.npm.taobao.org/string-hash/download/string-hash-1.1.3.tgz",
      "integrity": "sha1-6Kr8CsGFW0Zmkp7X3RJ1311sgRs=",
      "dev": true
    },
    "systemjs": {
      "version": "6.10.1",
      "resolved": "https://registry.nlark.com/systemjs/download/systemjs-6.10.1.tgz",
      "integrity": "sha1-SkKp9O6Nx0DCncmvYx2oGa5zbGk=",
      "dev": true
    },
    "to-fast-properties": {
      "version": "2.0.0",
      "resolved": "https://registry.npm.taobao.org/to-fast-properties/download/to-fast-properties-2.0.0.tgz?cache=0&sync_timestamp=1580550296062&other_urls=https%3A%2F%2Fregistry.npm.taobao.org%2Fto-fast-properties%2Fdownload%2Fto-fast-properties-2.0.0.tgz",
      "integrity": "sha1-3F5pjL0HkmW8c+A3doGk5Og/YW4="
    },
    "to-regex-range": {
      "version": "5.0.1",
      "resolved": "https://registry.npm.taobao.org/to-regex-range/download/to-regex-range-5.0.1.tgz",
      "integrity": "sha1-FkjESq58jZiKMmAY7XL1tN0DkuQ=",
      "dev": true,
      "requires": {
        "is-number": "^7.0.0"
      }
    },
    "util-deprecate": {
      "version": "1.0.2",
      "resolved": "https://registry.npm.taobao.org/util-deprecate/download/util-deprecate-1.0.2.tgz",
      "integrity": "sha1-RQ1Nyfpw3nMnYvvS1KKJgUGaDM8=",
      "dev": true
    },
    "vant": {
      "version": "3.1.2",
      "resolved": "https://registry.nlark.com/vant/download/vant-3.1.2.tgz?cache=0&sync_timestamp=1625536908711&other_urls=https%3A%2F%2Fregistry.nlark.com%2Fvant%2Fdownload%2Fvant-3.1.2.tgz",
      "integrity": "sha1-h3cpDzjEsELSJhI0PnLcq5WwRO0=",
      "requires": {
        "@vant/icons": "^1.6.0",
        "@vant/lazyload": "^1.2.0",
        "@vant/popperjs": "^1.1.0",
        "@vant/use": "^1.1.2"
      }
    },
    "vite": {
      "version": "2.3.8",
      "resolved": "https://registry.nlark.com/vite/download/vite-2.3.8.tgz?cache=0&sync_timestamp=1624971617746&other_urls=https%3A%2F%2Fregistry.nlark.com%2Fvite%2Fdownload%2Fvite-2.3.8.tgz",
      "integrity": "sha1-QuPgOVOFn9QQ5OarPRzKCqsq3Dw=",
      "dev": true,
      "requires": {
        "esbuild": "^0.12.8",
        "fsevents": "~2.3.2",
        "postcss": "^8.3.4",
        "resolve": "^1.20.0",
        "rollup": "^2.38.5"
      }
    },
    "vue": {
      "version": "3.1.3",
      "resolved": "https://registry.nlark.com/vue/download/vue-3.1.3.tgz",
      "integrity": "sha1-hlnNzRi64PwKp53d5llMHgsvrK4=",
      "requires": {
        "@vue/compiler-dom": "3.1.3",
        "@vue/runtime-dom": "3.1.3",
        "@vue/shared": "3.1.3"
      }
    },
    "vue-router": {
      "version": "4.0.10",
      "resolved": "https://registry.nlark.com/vue-router/download/vue-router-4.0.10.tgz",
      "integrity": "sha1-7I/aAylJsqMdMnMXD483bobrUqw=",
      "requires": {
        "@vue/devtools-api": "^6.0.0-beta.14"
      }
    },
    "vuex": {
      "version": "4.0.2",
      "resolved": "https://registry.nlark.com/vuex/download/vuex-4.0.2.tgz?cache=0&sync_timestamp=1623945253165&other_urls=https%3A%2F%2Fregistry.nlark.com%2Fvuex%2Fdownload%2Fvuex-4.0.2.tgz",
      "integrity": "sha1-+Jbb1b8qDpY/AMZ+m2EN50nMrMk=",
      "requires": {
        "@vue/devtools-api": "^6.0.0-beta.11"
      }
    },
    "yallist": {
      "version": "3.1.1",
      "resolved": "https://registry.npm.taobao.org/yallist/download/yallist-3.1.1.tgz",
      "integrity": "sha1-27fa+b/YusmrRev2ArjLrQ1dCP0=",
      "dev": true
    }
  }
}
